// !$*UTF8*$!
{
	archiveVersion = 1;
	classes = {
	};
	objectVersion = 46;
	objects = {

/* Begin PBXBuildFile section */
		200AB3291C1E5E430041E732 /* main.swift in Sources */ = {isa = PBXBuildFile; fileRef = 200AB3281C1E5E430041E732 /* main.swift */; };
		206D10D11C1E68820046A580 /* Agree.swift in Sources */ = {isa = PBXBuildFile; fileRef = 206D10AE1C1E68820046A580 /* Agree.swift */; };
		206D10D21C1E68820046A580 /* AgreeSettings.swift in Sources */ = {isa = PBXBuildFile; fileRef = 206D10AF1C1E68820046A580 /* AgreeSettings.swift */; };
		206D10D31C1E68820046A580 /* Args.swift in Sources */ = {isa = PBXBuildFile; fileRef = 206D10B11C1E68820046A580 /* Args.swift */; };
		206D10D41C1E68820046A580 /* ArgsParser.swift in Sources */ = {isa = PBXBuildFile; fileRef = 206D10B21C1E68820046A580 /* ArgsParser.swift */; };
		206D10D51C1E68820046A580 /* Argument.swift in Sources */ = {isa = PBXBuildFile; fileRef = 206D10B31C1E68820046A580 /* Argument.swift */; };
		206D10D61C1E68820046A580 /* Ask.swift in Sources */ = {isa = PBXBuildFile; fileRef = 206D10B51C1E68820046A580 /* Ask.swift */; };
		206D10D71C1E68820046A580 /* AskerValidator.swift in Sources */ = {isa = PBXBuildFile; fileRef = 206D10B61C1E68820046A580 /* AskerValidator.swift */; };
		206D10D81C1E68820046A580 /* AskSettings.swift in Sources */ = {isa = PBXBuildFile; fileRef = 206D10B71C1E68820046A580 /* AskSettings.swift */; };
		206D10D91C1E68820046A580 /* Choose.swift in Sources */ = {isa = PBXBuildFile; fileRef = 206D10B91C1E68820046A580 /* Choose.swift */; };
		206D10DA1C1E68820046A580 /* ChooseSettings.swift in Sources */ = {isa = PBXBuildFile; fileRef = 206D10BA1C1E68820046A580 /* ChooseSettings.swift */; };
		206D10DB1C1E68820046A580 /* Colorizer.swift in Sources */ = {isa = PBXBuildFile; fileRef = 206D10BC1C1E68820046A580 /* Colorizer.swift */; };
		206D10DC1C1E68820046A580 /* StringBackgroundColorizer.swift in Sources */ = {isa = PBXBuildFile; fileRef = 206D10BD1C1E68820046A580 /* StringBackgroundColorizer.swift */; };
		206D10DD1C1E68820046A580 /* StringForegroundColorizer.swift in Sources */ = {isa = PBXBuildFile; fileRef = 206D10BE1C1E68820046A580 /* StringForegroundColorizer.swift */; };
		206D10DE1C1E68820046A580 /* StringStyle.swift in Sources */ = {isa = PBXBuildFile; fileRef = 206D10BF1C1E68820046A580 /* StringStyle.swift */; };
		206D10DF1C1E68820046A580 /* StringStyleColorizer.swift in Sources */ = {isa = PBXBuildFile; fileRef = 206D10C01C1E68820046A580 /* StringStyleColorizer.swift */; };
		206D10E01C1E68820046A580 /* Env.swift in Sources */ = {isa = PBXBuildFile; fileRef = 206D10C21C1E68820046A580 /* Env.swift */; };
		206D10E11C1E68820046A580 /* ArgConvertible.swift in Sources */ = {isa = PBXBuildFile; fileRef = 206D10C41C1E68820046A580 /* ArgConvertible.swift */; };
		206D10E21C1E68820046A580 /* Glob.swift in Sources */ = {isa = PBXBuildFile; fileRef = 206D10C51C1E68820046A580 /* Glob.swift */; };
		206D10E31C1E68820046A580 /* ProcessInfo.swift in Sources */ = {isa = PBXBuildFile; fileRef = 206D10C61C1E68820046A580 /* ProcessInfo.swift */; };
		206D10E41C1E68820046A580 /* PromptPrinter.swift in Sources */ = {isa = PBXBuildFile; fileRef = 206D10C71C1E68820046A580 /* PromptPrinter.swift */; };
		206D10E51C1E68820046A580 /* PromptReader.swift in Sources */ = {isa = PBXBuildFile; fileRef = 206D10C81C1E68820046A580 /* PromptReader.swift */; };
		206D10E61C1E68820046A580 /* PromptSettings.swift in Sources */ = {isa = PBXBuildFile; fileRef = 206D10C91C1E68820046A580 /* PromptSettings.swift */; };
		206D10E71C1E68820046A580 /* CommandExecutor.swift in Sources */ = {isa = PBXBuildFile; fileRef = 206D10CB1C1E68820046A580 /* CommandExecutor.swift */; };
		206D10E81C1E68820046A580 /* Runner.swift in Sources */ = {isa = PBXBuildFile; fileRef = 206D10CC1C1E68820046A580 /* Runner.swift */; };
		206D10E91C1E68820046A580 /* RunnerSettings.swift in Sources */ = {isa = PBXBuildFile; fileRef = 206D10CD1C1E68820046A580 /* RunnerSettings.swift */; };
		206D10EA1C1E68820046A580 /* RunResults.swift in Sources */ = {isa = PBXBuildFile; fileRef = 206D10CE1C1E68820046A580 /* RunResults.swift */; };
		206D10EB1C1E68820046A580 /* ShortHandRunner.swift in Sources */ = {isa = PBXBuildFile; fileRef = 206D10CF1C1E68820046A580 /* ShortHandRunner.swift */; };
		206D10EC1C1E68820046A580 /* TaskPipe.swift in Sources */ = {isa = PBXBuildFile; fileRef = 206D10D01C1E68820046A580 /* TaskPipe.swift */; };
		206D10EE1C1E71F00046A580 /* NSDate+ISO8601.swift in Sources */ = {isa = PBXBuildFile; fileRef = 206D10ED1C1E71F00046A580 /* NSDate+ISO8601.swift */; };
/* End PBXBuildFile section */

/* Begin PBXCopyFilesBuildPhase section */
		200AB3231C1E5E430041E732 /* CopyFiles */ = {
			isa = PBXCopyFilesBuildPhase;
			buildActionMask = 2147483647;
			dstPath = /usr/share/man/man1/;
			dstSubfolderSpec = 0;
			files = (
			);
			runOnlyForDeploymentPostprocessing = 1;
		};
/* End PBXCopyFilesBuildPhase section */

/* Begin PBXFileReference section */
		1F73704E9CCFD08ABD986E76 /* Pods.framework */ = {isa = PBXFileReference; explicitFileType = wrapper.framework; includeInIndex = 0; path = Pods.framework; sourceTree = BUILT_PRODUCTS_DIR; };
		200AB3251C1E5E430041E732 /* human-to-gpx */ = {isa = PBXFileReference; explicitFileType = "compiled.mach-o.executable"; includeInIndex = 0; path = "human-to-gpx"; sourceTree = BUILT_PRODUCTS_DIR; };
		200AB3281C1E5E430041E732 /* main.swift */ = {isa = PBXFileReference; lastKnownFileType = sourcecode.swift; path = main.swift; sourceTree = "<group>"; };
		206D10AE1C1E68820046A580 /* Agree.swift */ = {isa = PBXFileReference; fileEncoding = 4; lastKnownFileType = sourcecode.swift; path = Agree.swift; sourceTree = "<group>"; };
		206D10AF1C1E68820046A580 /* AgreeSettings.swift */ = {isa = PBXFileReference; fileEncoding = 4; lastKnownFileType = sourcecode.swift; path = AgreeSettings.swift; sourceTree = "<group>"; };
		206D10B11C1E68820046A580 /* Args.swift */ = {isa = PBXFileReference; fileEncoding = 4; lastKnownFileType = sourcecode.swift; path = Args.swift; sourceTree = "<group>"; };
		206D10B21C1E68820046A580 /* ArgsParser.swift */ = {isa = PBXFileReference; fileEncoding = 4; lastKnownFileType = sourcecode.swift; path = ArgsParser.swift; sourceTree = "<group>"; };
		206D10B31C1E68820046A580 /* Argument.swift */ = {isa = PBXFileReference; fileEncoding = 4; lastKnownFileType = sourcecode.swift; path = Argument.swift; sourceTree = "<group>"; };
		206D10B51C1E68820046A580 /* Ask.swift */ = {isa = PBXFileReference; fileEncoding = 4; lastKnownFileType = sourcecode.swift; path = Ask.swift; sourceTree = "<group>"; };
		206D10B61C1E68820046A580 /* AskerValidator.swift */ = {isa = PBXFileReference; fileEncoding = 4; lastKnownFileType = sourcecode.swift; path = AskerValidator.swift; sourceTree = "<group>"; };
		206D10B71C1E68820046A580 /* AskSettings.swift */ = {isa = PBXFileReference; fileEncoding = 4; lastKnownFileType = sourcecode.swift; path = AskSettings.swift; sourceTree = "<group>"; };
		206D10B91C1E68820046A580 /* Choose.swift */ = {isa = PBXFileReference; fileEncoding = 4; lastKnownFileType = sourcecode.swift; path = Choose.swift; sourceTree = "<group>"; };
		206D10BA1C1E68820046A580 /* ChooseSettings.swift */ = {isa = PBXFileReference; fileEncoding = 4; lastKnownFileType = sourcecode.swift; path = ChooseSettings.swift; sourceTree = "<group>"; };
		206D10BC1C1E68820046A580 /* Colorizer.swift */ = {isa = PBXFileReference; fileEncoding = 4; lastKnownFileType = sourcecode.swift; path = Colorizer.swift; sourceTree = "<group>"; };
		206D10BD1C1E68820046A580 /* StringBackgroundColorizer.swift */ = {isa = PBXFileReference; fileEncoding = 4; lastKnownFileType = sourcecode.swift; path = StringBackgroundColorizer.swift; sourceTree = "<group>"; };
		206D10BE1C1E68820046A580 /* StringForegroundColorizer.swift */ = {isa = PBXFileReference; fileEncoding = 4; lastKnownFileType = sourcecode.swift; path = StringForegroundColorizer.swift; sourceTree = "<group>"; };
		206D10BF1C1E68820046A580 /* StringStyle.swift */ = {isa = PBXFileReference; fileEncoding = 4; lastKnownFileType = sourcecode.swift; path = StringStyle.swift; sourceTree = "<group>"; };
		206D10C01C1E68820046A580 /* StringStyleColorizer.swift */ = {isa = PBXFileReference; fileEncoding = 4; lastKnownFileType = sourcecode.swift; path = StringStyleColorizer.swift; sourceTree = "<group>"; };
		206D10C21C1E68820046A580 /* Env.swift */ = {isa = PBXFileReference; fileEncoding = 4; lastKnownFileType = sourcecode.swift; path = Env.swift; sourceTree = "<group>"; };
		206D10C41C1E68820046A580 /* ArgConvertible.swift */ = {isa = PBXFileReference; fileEncoding = 4; lastKnownFileType = sourcecode.swift; path = ArgConvertible.swift; sourceTree = "<group>"; };
		206D10C51C1E68820046A580 /* Glob.swift */ = {isa = PBXFileReference; fileEncoding = 4; lastKnownFileType = sourcecode.swift; path = Glob.swift; sourceTree = "<group>"; };
		206D10C61C1E68820046A580 /* ProcessInfo.swift */ = {isa = PBXFileReference; fileEncoding = 4; lastKnownFileType = sourcecode.swift; path = ProcessInfo.swift; sourceTree = "<group>"; };
		206D10C71C1E68820046A580 /* PromptPrinter.swift */ = {isa = PBXFileReference; fileEncoding = 4; lastKnownFileType = sourcecode.swift; path = PromptPrinter.swift; sourceTree = "<group>"; };
		206D10C81C1E68820046A580 /* PromptReader.swift */ = {isa = PBXFileReference; fileEncoding = 4; lastKnownFileType = sourcecode.swift; path = PromptReader.swift; sourceTree = "<group>"; };
		206D10C91C1E68820046A580 /* PromptSettings.swift */ = {isa = PBXFileReference; fileEncoding = 4; lastKnownFileType = sourcecode.swift; path = PromptSettings.swift; sourceTree = "<group>"; };
		206D10CB1C1E68820046A580 /* CommandExecutor.swift */ = {isa = PBXFileReference; fileEncoding = 4; lastKnownFileType = sourcecode.swift; path = CommandExecutor.swift; sourceTree = "<group>"; };
		206D10CC1C1E68820046A580 /* Runner.swift */ = {isa = PBXFileReference; fileEncoding = 4; lastKnownFileType = sourcecode.swift; path = Runner.swift; sourceTree = "<group>"; };
		206D10CD1C1E68820046A580 /* RunnerSettings.swift */ = {isa = PBXFileReference; fileEncoding = 4; lastKnownFileType = sourcecode.swift; path = RunnerSettings.swift; sourceTree = "<group>"; };
		206D10CE1C1E68820046A580 /* RunResults.swift */ = {isa = PBXFileReference; fileEncoding = 4; lastKnownFileType = sourcecode.swift; path = RunResults.swift; sourceTree = "<group>"; };
		206D10CF1C1E68820046A580 /* ShortHandRunner.swift */ = {isa = PBXFileReference; fileEncoding = 4; lastKnownFileType = sourcecode.swift; path = ShortHandRunner.swift; sourceTree = "<group>"; };
		206D10D01C1E68820046A580 /* TaskPipe.swift */ = {isa = PBXFileReference; fileEncoding = 4; lastKnownFileType = sourcecode.swift; path = TaskPipe.swift; sourceTree = "<group>"; };
		206D10ED1C1E71F00046A580 /* NSDate+ISO8601.swift */ = {isa = PBXFileReference; fileEncoding = 4; lastKnownFileType = sourcecode.swift; path = "NSDate+ISO8601.swift"; sourceTree = "<group>"; };
/* End PBXFileReference section */

/* Begin PBXGroup section */
		200AB31C1C1E5E430041E732 = {
			isa = PBXGroup;
			children = (
				200AB3271C1E5E430041E732 /* human-to-gpx */,
				200AB3261C1E5E430041E732 /* Products */,
				ED12E87D900A1B1F9783E7FD /* Frameworks */,
			);
			sourceTree = "<group>";
		};
		200AB3261C1E5E430041E732 /* Products */ = {
			isa = PBXGroup;
			children = (
				200AB3251C1E5E430041E732 /* human-to-gpx */,
			);
			name = Products;
			sourceTree = "<group>";
		};
		200AB3271C1E5E430041E732 /* human-to-gpx */ = {
			isa = PBXGroup;
			children = (
				206D10AC1C1E68820046A580 /* Swiftline */,
				200AB3281C1E5E430041E732 /* main.swift */,
				206D10ED1C1E71F00046A580 /* NSDate+ISO8601.swift */,
			);
			path = "human-to-gpx";
			sourceTree = "<group>";
		};
		206D10AC1C1E68820046A580 /* Swiftline */ = {
			isa = PBXGroup;
			children = (
				206D10AD1C1E68820046A580 /* Agree */,
				206D10B01C1E68820046A580 /* Args */,
				206D10B41C1E68820046A580 /* Ask */,
				206D10B81C1E68820046A580 /* Choose */,
				206D10BB1C1E68820046A580 /* Colorize */,
				206D10C11C1E68820046A580 /* ENV */,
				206D10C31C1E68820046A580 /* Misc */,
				206D10CA1C1E68820046A580 /* Runner */,
			);
			name = Swiftline;
			path = Vendor/Swiftline/Pod/Swiftline;
			sourceTree = SOURCE_ROOT;
		};
		206D10AD1C1E68820046A580 /* Agree */ = {
			isa = PBXGroup;
			children = (
				206D10AE1C1E68820046A580 /* Agree.swift */,
				206D10AF1C1E68820046A580 /* AgreeSettings.swift */,
			);
			path = Agree;
			sourceTree = "<group>";
		};
		206D10B01C1E68820046A580 /* Args */ = {
			isa = PBXGroup;
			children = (
				206D10B11C1E68820046A580 /* Args.swift */,
				206D10B21C1E68820046A580 /* ArgsParser.swift */,
				206D10B31C1E68820046A580 /* Argument.swift */,
			);
			path = Args;
			sourceTree = "<group>";
		};
		206D10B41C1E68820046A580 /* Ask */ = {
			isa = PBXGroup;
			children = (
				206D10B51C1E68820046A580 /* Ask.swift */,
				206D10B61C1E68820046A580 /* AskerValidator.swift */,
				206D10B71C1E68820046A580 /* AskSettings.swift */,
			);
			path = Ask;
			sourceTree = "<group>";
		};
		206D10B81C1E68820046A580 /* Choose */ = {
			isa = PBXGroup;
			children = (
				206D10B91C1E68820046A580 /* Choose.swift */,
				206D10BA1C1E68820046A580 /* ChooseSettings.swift */,
			);
			path = Choose;
			sourceTree = "<group>";
		};
		206D10BB1C1E68820046A580 /* Colorize */ = {
			isa = PBXGroup;
			children = (
				206D10BC1C1E68820046A580 /* Colorizer.swift */,
				206D10BD1C1E68820046A580 /* StringBackgroundColorizer.swift */,
				206D10BE1C1E68820046A580 /* StringForegroundColorizer.swift */,
				206D10BF1C1E68820046A580 /* StringStyle.swift */,
				206D10C01C1E68820046A580 /* StringStyleColorizer.swift */,
			);
			path = Colorize;
			sourceTree = "<group>";
		};
		206D10C11C1E68820046A580 /* ENV */ = {
			isa = PBXGroup;
			children = (
				206D10C21C1E68820046A580 /* Env.swift */,
			);
			path = ENV;
			sourceTree = "<group>";
		};
		206D10C31C1E68820046A580 /* Misc */ = {
			isa = PBXGroup;
			children = (
				206D10C41C1E68820046A580 /* ArgConvertible.swift */,
				206D10C51C1E68820046A580 /* Glob.swift */,
				206D10C61C1E68820046A580 /* ProcessInfo.swift */,
				206D10C71C1E68820046A580 /* PromptPrinter.swift */,
				206D10C81C1E68820046A580 /* PromptReader.swift */,
				206D10C91C1E68820046A580 /* PromptSettings.swift */,
			);
			path = Misc;
			sourceTree = "<group>";
		};
		206D10CA1C1E68820046A580 /* Runner */ = {
			isa = PBXGroup;
			children = (
				206D10CB1C1E68820046A580 /* CommandExecutor.swift */,
				206D10CC1C1E68820046A580 /* Runner.swift */,
				206D10CD1C1E68820046A580 /* RunnerSettings.swift */,
				206D10CE1C1E68820046A580 /* RunResults.swift */,
				206D10CF1C1E68820046A580 /* ShortHandRunner.swift */,
				206D10D01C1E68820046A580 /* TaskPipe.swift */,
			);
			path = Runner;
			sourceTree = "<group>";
		};
		ED12E87D900A1B1F9783E7FD /* Frameworks */ = {
			isa = PBXGroup;
			children = (
				1F73704E9CCFD08ABD986E76 /* Pods.framework */,
			);
			name = Frameworks;
			sourceTree = "<group>";
		};
/* End PBXGroup section */

/* Begin PBXNativeTarget section */
		200AB3241C1E5E430041E732 /* human-to-gpx */ = {
			isa = PBXNativeTarget;
			buildConfigurationList = 200AB32C1C1E5E430041E732 /* Build configuration list for PBXNativeTarget "human-to-gpx" */;
			buildPhases = (
				200AB3211C1E5E430041E732 /* Sources */,
				200AB3231C1E5E430041E732 /* CopyFiles */,
			);
			buildRules = (
			);
			dependencies = (
			);
			name = "human-to-gpx";
			productName = "human-to-gpx";
			productReference = 200AB3251C1E5E430041E732 /* human-to-gpx */;
			productType = "com.apple.product-type.tool";
		};
/* End PBXNativeTarget section */

/* Begin PBXProject section */
		200AB31D1C1E5E430041E732 /* Project object */ = {
			isa = PBXProject;
			attributes = {
				LastSwiftUpdateCheck = 0720;
				LastUpgradeCheck = 0720;
				ORGANIZATIONNAME = "Evan Coleman";
				TargetAttributes = {
					200AB3241C1E5E430041E732 = {
						CreatedOnToolsVersion = 7.2;
					};
				};
			};
			buildConfigurationList = 200AB3201C1E5E430041E732 /* Build configuration list for PBXProject "human-to-gpx" */;
			compatibilityVersion = "Xcode 3.2";
			developmentRegion = English;
			hasScannedForEncodings = 0;
			knownRegions = (
				en,
			);
			mainGroup = 200AB31C1C1E5E430041E732;
			productRefGroup = 200AB3261C1E5E430041E732 /* Products */;
			projectDirPath = "";
			projectRoot = "";
			targets = (
				200AB3241C1E5E430041E732 /* human-to-gpx */,
			);
		};
/* End PBXProject section */

/* Begin PBXSourcesBuildPhase section */
		200AB3211C1E5E430041E732 /* Sources */ = {
			isa = PBXSourcesBuildPhase;
			buildActionMask = 2147483647;
			files = (
				206D10EA1C1E68820046A580 /* RunResults.swift in Sources */,
				206D10D91C1E68820046A580 /* Choose.swift in Sources */,
				206D10E01C1E68820046A580 /* Env.swift in Sources */,
				206D10EE1C1E71F00046A580 /* NSDate+ISO8601.swift in Sources */,
				206D10E61C1E68820046A580 /* PromptSettings.swift in Sources */,
				206D10D11C1E68820046A580 /* Agree.swift in Sources */,
				206D10E91C1E68820046A580 /* RunnerSettings.swift in Sources */,
				206D10DC1C1E68820046A580 /* StringBackgroundColorizer.swift in Sources */,
				200AB3291C1E5E430041E732 /* main.swift in Sources */,
				206D10D31C1E68820046A580 /* Args.swift in Sources */,
				206D10D71C1E68820046A580 /* AskerValidator.swift in Sources */,
				206D10DF1C1E68820046A580 /* StringStyleColorizer.swift in Sources */,
				206D10D41C1E68820046A580 /* ArgsParser.swift in Sources */,
				206D10DD1C1E68820046A580 /* StringForegroundColorizer.swift in Sources */,
				206D10E51C1E68820046A580 /* PromptReader.swift in Sources */,
				206D10DE1C1E68820046A580 /* StringStyle.swift in Sources */,
				206D10E31C1E68820046A580 /* ProcessInfo.swift in Sources */,
				206D10E71C1E68820046A580 /* CommandExecutor.swift in Sources */,
				206D10D61C1E68820046A580 /* Ask.swift in Sources */,
				206D10DA1C1E68820046A580 /* ChooseSettings.swift in Sources */,
				206D10E81C1E68820046A580 /* Runner.swift in Sources */,
				206D10E21C1E68820046A580 /* Glob.swift in Sources */,
				206D10EB1C1E68820046A580 /* ShortHandRunner.swift in Sources */,
				206D10D81C1E68820046A580 /* AskSettings.swift in Sources */,
				206D10D51C1E68820046A580 /* Argument.swift in Sources */,
				206D10D21C1E68820046A580 /* AgreeSettings.swift in Sources */,
				206D10E11C1E68820046A580 /* ArgConvertible.swift in Sources */,
				206D10DB1C1E68820046A580 /* Colorizer.swift in Sources */,
				206D10EC1C1E68820046A580 /* TaskPipe.swift in Sources */,
				206D10E41C1E68820046A580 /* PromptPrinter.swift in Sources */,
			);
			runOnlyForDeploymentPostprocessing = 0;
		};
/* End PBXSourcesBuildPhase section */

/* Begin XCBuildConfiguration section */
		200AB32A1C1E5E430041E732 /* Debug */ = {
			isa = XCBuildConfiguration;
			buildSettings = {
				ALWAYS_SEARCH_USER_PATHS = NO;
				CLANG_CXX_LANGUAGE_STANDARD = "gnu++0x";
				CLANG_CXX_LIBRARY = "libc++";
				CLANG_ENABLE_MODULES = YES;
				CLANG_ENABLE_OBJC_ARC = YES;
				CLANG_WARN_BOOL_CONVERSION = YES;
				CLANG_WARN_CONSTANT_CONVERSION = YES;
				CLANG_WARN_DIRECT_OBJC_ISA_USAGE = YES_ERROR;
				CLANG_WARN_EMPTY_BODY = YES;
				CLANG_WARN_ENUM_CONVERSION = YES;
				CLANG_WARN_INT_CONVERSION = YES;
				CLANG_WARN_OBJC_ROOT_CLASS = YES_ERROR;
				CLANG_WARN_UNREACHABLE_CODE = YES;
				CLANG_WARN__DUPLICATE_METHOD_MATCH = YES;
				CODE_SIGN_IDENTITY = "-";
				COPY_PHASE_STRIP = NO;
				DEBUG_INFORMATION_FORMAT = dwarf;
				ENABLE_STRICT_OBJC_MSGSEND = YES;
				ENABLE_TESTABILITY = YES;
				GCC_C_LANGUAGE_STANDARD = gnu99;
				GCC_DYNAMIC_NO_PIC = NO;
				GCC_NO_COMMON_BLOCKS = YES;
				GCC_OPTIMIZATION_LEVEL = 0;
				GCC_PREPROCESSOR_DEFINITIONS = (
					"DEBUG=1",
					"$(inherited)",
				);
				GCC_WARN_64_TO_32_BIT_CONVERSION = YES;
				GCC_WARN_ABOUT_RETURN_TYPE = YES_ERROR;
				GCC_WARN_UNDECLARED_SELECTOR = YES;
				GCC_WARN_UNINITIALIZED_AUTOS = YES_AGGRESSIVE;
				GCC_WARN_UNUSED_FUNCTION = YES;
				GCC_WARN_UNUSED_VARIABLE = YES;
				MACOSX_DEPLOYMENT_TARGET = 10.11;
				MTL_ENABLE_DEBUG_INFO = YES;
				ONLY_ACTIVE_ARCH = YES;
				SDKROOT = macosx;
				SWIFT_OPTIMIZATION_LEVEL = "-Onone";
			};
			name = Debug;
		};
		200AB32B1C1E5E430041E732 /* Release */ = {
			isa = XCBuildConfiguration;
			buildSettings = {
				ALWAYS_SEARCH_USER_PATHS = NO;
				CLANG_CXX_LANGUAGE_STANDARD = "gnu++0x";
				CLANG_CXX_LIBRARY = "libc++";
				CLANG_ENABLE_MODULES = YES;
				CLANG_ENABLE_OBJC_ARC = YES;
				CLANG_WARN_BOOL_CONVERSION = YES;
				CLANG_WARN_CONSTANT_CONVERSION = YES;
				CLANG_WARN_DIRECT_OBJC_ISA_USAGE = YES_ERROR;
				CLANG_WARN_EMPTY_BODY = YES;
				CLANG_WARN_ENUM_CONVERSION = YES;
				CLANG_WARN_INT_CONVERSION = YES;
				CLANG_WARN_OBJC_ROOT_CLASS = YES_ERROR;
				CLANG_WARN_UNREACHABLE_CODE = YES;
				CLANG_WARN__DUPLICATE_METHOD_MATCH = YES;
				CODE_SIGN_IDENTITY = "-";
				COPY_PHASE_STRIP = NO;
				DEBUG_INFORMATION_FORMAT = "dwarf-with-dsym";
				ENABLE_NS_ASSERTIONS = NO;
				ENABLE_STRICT_OBJC_MSGSEND = YES;
				GCC_C_LANGUAGE_STANDARD = gnu99;
				GCC_NO_COMMON_BLOCKS = YES;
				GCC_WARN_64_TO_32_BIT_CONVERSION = YES;
				GCC_WARN_ABOUT_RETURN_TYPE = YES_ERROR;
				GCC_WARN_UNDECLARED_SELECTOR = YES;
				GCC_WARN_UNINITIALIZED_AUTOS = YES_AGGRESSIVE;
				GCC_WARN_UNUSED_FUNCTION = YES;
				GCC_WARN_UNUSED_VARIABLE = YES;
				MACOSX_DEPLOYMENT_TARGET = 10.11;
				MTL_ENABLE_DEBUG_INFO = NO;
				SDKROOT = macosx;
			};
			name = Release;
		};
		200AB32D1C1E5E430041E732 /* Debug */ = {
			isa = XCBuildConfiguration;
			buildSettings = {
				PRODUCT_NAME = "$(TARGET_NAME)";
			};
			name = Debug;
		};
		200AB32E1C1E5E430041E732 /* Release */ = {
			isa = XCBuildConfiguration;
			buildSettings = {
				PRODUCT_NAME = "$(TARGET_NAME)";
			};
			name = Release;
		};
/* End XCBuildConfiguration section */

/* Begin XCConfigurationList section */
		200AB3201C1E5E430041E732 /* Build configuration list for PBXProject "human-to-gpx" */ = {
			isa = XCConfigurationList;
			buildConfigurations = (
				200AB32A1C1E5E430041E732 /* Debug */,
				200AB32B1C1E5E430041E732 /* Release */,
			);
			defaultConfigurationIsVisible = 0;
			defaultConfigurationName = Release;
		};
		200AB32C1C1E5E430041E732 /* Build configuration list for PBXNativeTarget "human-to-gpx" */ = {
			isa = XCConfigurationList;
			buildConfigurations = (
				200AB32D1C1E5E430041E732 /* Debug */,
				200AB32E1C1E5E430041E732 /* Release */,
			);
			defaultConfigurationIsVisible = 0;
			defaultConfigurationName = Release;
		};
/* End XCConfigurationList section */
	};
	rootObject = 200AB31D1C1E5E430041E732 /* Project object */;
}
